
Microsoft Visual Studio Solution File, Format Version 12.00
# Visual Studio Version 16
VisualStudioVersion = 16.0.30711.63
MinimumVisualStudioVersion = 10.0.40219.1
Project("{FAE04EC0-301F-11D3-BF4B-00C04F79EFBC}") = "CrudOpration", "CrudOpration\CrudOpration.csproj", "{FBE972B8-B599-4CDA-BF9A-C0549B563667}"
EndProject
Project("{FAE04EC0-301F-11D3-BF4B-00C04F79EFBC}") = "BizStudent", "BizStudent\BizStudent.csproj", "{696F825E-4130-44D4-9CAB-2B37CB0CDADE}"
EndProject
Project("{FAE04EC0-301F-11D3-BF4B-00C04F79EFBC}") = "DtStudent", "DtStudent\DtStudent.csproj", "{12E7900D-1C4B-46FF-8D81-0161671B65BF}"
EndProject
Global
	GlobalSection(SolutionConfigurationPlatforms) = preSolution
		Debug|Any CPU = Debug|Any CPU
		Release|Any CPU = Release|Any CPU
	EndGlobalSection
	GlobalSection(ProjectConfigurationPlatforms) = postSolution
		{FBE972B8-B599-4CDA-BF9A-C0549B563667}.Debug|Any CPU.ActiveCfg = Debug|Any CPU
		{FBE972B8-B599-4CDA-BF9A-C0549B563667}.Debug|Any CPU.Build.0 = Debug|Any CPU
		{FBE972B8-B599-4CDA-BF9A-C0549B563667}.Release|Any CPU.ActiveCfg = Release|Any CPU
		{FBE972B8-B599-4CDA-BF9A-C0549B563667}.Release|Any CPU.Build.0 = Release|Any CPU
		{696F825E-4130-44D4-9CAB-2B37CB0CDADE}.Debug|Any CPU.ActiveCfg = Debug|Any CPU
		{696F825E-4130-44D4-9CAB-2B37CB0CDADE}.Debug|Any CPU.Build.0 = Debug|Any CPU
		{696F825E-4130-44D4-9CAB-2B37CB0CDADE}.Release|Any CPU.ActiveCfg = Release|Any CPU
		{696F825E-4130-44D4-9CAB-2B37CB0CDADE}.Release|Any CPU.Build.0 = Release|Any CPU
		{12E7900D-1C4B-46FF-8D81-0161671B65BF}.Debug|Any CPU.ActiveCfg = Debug|Any CPU
		{12E7900D-1C4B-46FF-8D81-0161671B65BF}.Debug|Any CPU.Build.0 = Debug|Any CPU
		{12E7900D-1C4B-46FF-8D81-0161671B65BF}.Release|Any CPU.ActiveCfg = Release|Any CPU
		{12E7900D-1C4B-46FF-8D81-0161671B65BF}.Release|Any CPU.Build.0 = Release|Any CPU
	EndGlobalSection
	GlobalSection(SolutionProperties) = preSolution
		HideSolutionNode = FALSE
	EndGlobalSection
	GlobalSection(ExtensibilityGlobals) = postSolution
		SolutionGuid = {BF9C0E44-8B7A-4E69-B0C2-D3B20052D04D}
	EndGlobalSection
EndGlobal
